// !$*UTF8*$!
{
	archiveVersion = 1;
	classes = {
	};
	objectVersion = 46;
	objects = {

/* Begin PBXBuildFile section */
		37683F8C1EE7366A0067239F /* AppDelegate.swift in Sources */ = {isa = PBXBuildFile; fileRef = 37683F8B1EE7366A0067239F /* AppDelegate.swift */; };
		37683F8E1EE7366A0067239F /* ViewController.swift in Sources */ = {isa = PBXBuildFile; fileRef = 37683F8D1EE7366A0067239F /* ViewController.swift */; };
		37683F911EE7366A0067239F /* Main.storyboard in Resources */ = {isa = PBXBuildFile; fileRef = 37683F8F1EE7366A0067239F /* Main.storyboard */; };
		37683F931EE7366A0067239F /* Assets.xcassets in Resources */ = {isa = PBXBuildFile; fileRef = 37683F921EE7366A0067239F /* Assets.xcassets */; };
		37683F961EE7366A0067239F /* LaunchScreen.storyboard in Resources */ = {isa = PBXBuildFile; fileRef = 37683F941EE7366A0067239F /* LaunchScreen.storyboard */; };
/* End PBXBuildFile section */

/* Begin PBXFileReference section */
		37683F881EE7366A0067239F /* GestureRecognizerExercise.app */ = {isa = PBXFileReference; explicitFileType = wrapper.application; includeInIndex = 0; path = GestureRecognizerExercise.app; sourceTree = BUILT_PRODUCTS_DIR; };
		37683F8B1EE7366A0067239F /* AppDelegate.swift */ = {isa = PBXFileReference; lastKnownFileType = sourcecode.swift; path = AppDelegate.swift; sourceTree = "<group>"; };
		37683F8D1EE7366A0067239F /* ViewController.swift */ = {isa = PBXFileReference; lastKnownFileType = sourcecode.swift; path = ViewController.swift; sourceTree = "<group>"; };
		37683F901EE7366A0067239F /* Base */ = {isa = PBXFileReference; lastKnownFileType = file.storyboard; name = Base; path = Base.lproj/Main.storyboard; sourceTree = "<group>"; };
		37683F921EE7366A0067239F /* Assets.xcassets */ = {isa = PBXFileReference; lastKnownFileType = folder.assetcatalog; path = Assets.xcassets; sourceTree = "<group>"; };
		37683F951EE7366A0067239F /* Base */ = {isa = PBXFileReference; lastKnownFileType = file.storyboard; name = Base; path = Base.lproj/LaunchScreen.storyboard; sourceTree = "<group>"; };
		37683F971EE7366A0067239F /* Info.plist */ = {isa = PBXFileReference; lastKnownFileType = text.plist.xml; path = Info.plist; sourceTree = "<group>"; };
/* End PBXFileReference section */

/* Begin PBXFrameworksBuildPhase section */
		37683F851EE7366A0067239F /* Frameworks */ = {
			isa = PBXFrameworksBuildPhase;
			buildActionMask = 2147483647;
			files = (
			);
			runOnlyForDeploymentPostprocessing = 0;
		};
/* End PBXFrameworksBuildPhase section */

/* Begin PBXGroup section */
		37683F7F1EE7366A0067239F = {
			isa = PBXGroup;
			children = (
				37683F8A1EE7366A0067239F /* GestureRecognizerExercise */,
				37683F891EE7366A0067239F /* Products */,
			);
			sourceTree = "<group>";
		};
		37683F891EE7366A0067239F /* Products */ = {
			isa = PBXGroup;
			children = (
				37683F881EE7366A0067239F /* GestureRecognizerExercise.app */,
			);
			name = Products;
			sourceTree = "<group>";
		};
		37683F8A1EE7366A0067239F /* GestureRecognizerExercise */ = {
			isa = PBXGroup;
			children = (
				37683F8B1EE7366A0067239F /* AppDelegate.swift */,
				37683F8D1EE7366A0067239F /* ViewController.swift */,
				37683F8F1EE7366A0067239F /* Main.storyboard */,
				37683F921EE7366A0067239F /* Assets.xcassets */,
				37683F941EE7366A0067239F /* LaunchScreen.storyboard */,
				37683F971EE7366A0067239F /* Info.plist */,
			);
			path = GestureRecognizerExercise;
			sourceTree = "<group>";
		};
/* End PBXGroup section */

/* Begin PBXNativeTarget section */
		37683F871EE7366A0067239F /* GestureRecognizerExercise */ = {
			isa = PBXNativeTarget;
			buildConfigurationList = 37683F9A1EE7366A0067239F /* Build configuration list for PBXNativeTarget "GestureRecognizerExercise" */;
			buildPhases = (
				37683F841EE7366A0067239F /* Sources */,
				37683F851EE7366A0067239F /* Frameworks */,
				37683F861EE7366A0067239F /* Resources */,
			);
			buildRules = (
			);
			dependencies = (
			);
			name = GestureRecognizerExercise;
			productName = GestureRecognizerExercise;
			productReference = 37683F881EE7366A0067239F /* GestureRecognizerExercise.app */;
			productType = "com.apple.product-type.application";
		};
/* End PBXNativeTarget section */

/* Begin PBXProject section */
		37683F801EE7366A0067239F /* Project object */ = {
			isa = PBXProject;
			attributes = {
				LastSwiftUpdateCheck = 0830;
				LastUpgradeCheck = 0830;
				ORGANIZATIONNAME = iShinobi;
				TargetAttributes = {
					37683F871EE7366A0067239F = {
						CreatedOnToolsVersion = 8.3.2;
						DevelopmentTeam = WZFHSP6QD4;
						ProvisioningStyle = Automatic;
					};
				};
			};
			buildConfigurationList = 37683F831EE7366A0067239F /* Build configuration list for PBXProject "GestureRecognizerExercise" */;
			compatibilityVersion = "Xcode 3.2";
			developmentRegion = English;
			hasScannedForEncodings = 0;
			knownRegions = (
				en,
				Base,
			);
			mainGroup = 37683F7F1EE7366A0067239F;
			productRefGroup = 37683F891EE7366A0067239F /* Products */;
			projectDirPath = "";
			projectRoot = "";
			targets = (
				37683F871EE7366A0067239F /* GestureRecognizerExercise */,
			);
		};
/* End PBXProject section */

/* Begin PBXResourcesBuildPhase section */
		37683F861EE7366A0067239F /* Resources */ = {
			isa = PBXResourcesBuildPhase;
			buildActionMask = 2147483647;
			files = (
				37683F961EE7366A0067239F /* LaunchScreen.storyboard in Resources */,
				37683F931EE7366A0067239F /* Assets.xcassets in Resources */,
				37683F911EE7366A0067239F /* Main.storyboard in Resources */,
			);
			runOnlyForDeploymentPostprocessing = 0;
		};
/* End PBXResourcesBuildPhase section */

/* Begin PBXSourcesBuildPhase section */
		37683F841EE7366A0067239F /* Sources */ = {
			isa = PBXSourcesBuildPhase;
			buildActionMask = 2147483647;
			files = (
				37683F8E1EE7366A0067239F /* ViewController.swift in Sources */,
				37683F8C1EE7366A0067239F /* AppDelegate.swift in Sources */,
			);
			runOnlyForDeploymentPostprocessing = 0;
		};
/* End PBXSourcesBuildPhase section */

/* Begin PBXVariantGroup section */
		37683F8F1EE7366A0067239F /* Main.storyboard */ = {
			isa = PBXVariantGroup;
			children = (
				37683F901EE7366A0067239F /* Base */,
			);
			name = Main.storyboard;
			sourceTree = "<group>";
		};
		37683F941EE7366A0067239F /* LaunchScreen.storyboard */ = {
			isa = PBXVariantGroup;
			children = (
				37683F951EE7366A0067239F /* Base */,
			);
			name = LaunchScreen.storyboard;
			sourceTree = "<group>";
		};
/* End PBXVariantGroup section */

/* Begin XCBuildConfiguration section */
		37683F981EE7366A0067239F /* Debug */ = {
			isa = XCBuildConfiguration;
			buildSettings = {
				ALWAYS_SEARCH_USER_PATHS = NO;
				CLANG_ANALYZER_NONNULL = YES;
				CLANG_ANALYZER_NUMBER_OBJECT_CONVERSION = YES_AGGRESSIVE;
				CLANG_CXX_LANGUAGE_STANDARD = "gnu++0x";
				CLANG_CXX_LIBRARY = "libc++";
				CLANG_ENABLE_MODULES = YES;
				CLANG_ENABLE_OBJC_ARC = YES;
				CLANG_WARN_BOOL_CONVERSION = YES;
				CLANG_WARN_CONSTANT_CONVERSION = YES;
				CLANG_WARN_DIRECT_OBJC_ISA_USAGE = YES_ERROR;
				CLANG_WARN_DOCUMENTATION_COMMENTS = YES;
				CLANG_WARN_EMPTY_BODY = YES;
				CLANG_WARN_ENUM_CONVERSION = YES;
				CLANG_WARN_INFINITE_RECURSION = YES;
				CLANG_WARN_INT_CONVERSION = YES;
				CLANG_WARN_OBJC_ROOT_CLASS = YES_ERROR;
				CLANG_WARN_SUSPICIOUS_MOVE = YES;
				CLANG_WARN_UNREACHABLE_CODE = YES;
				CLANG_WARN__DUPLICATE_METHOD_MATCH = YES;
				"CODE_SIGN_IDENTITY[sdk=iphoneos*]" = "iPhone Developer";
				COPY_PHASE_STRIP = NO;
				DEBUG_INFORMATION_FORMAT = dwarf;
				ENABLE_STRICT_OBJC_MSGSEND = YES;
				ENABLE_TESTABILITY = YES;
				GCC_C_LANGUAGE_STANDARD = gnu99;
				GCC_DYNAMIC_NO_PIC = NO;
				GCC_NO_COMMON_BLOCKS = YES;
				GCC_OPTIMIZATION_LEVEL = 0;
				GCC_PREPROCESSOR_DEFINITIONS = (
					"DEBUG=1",
					"$(inherited)",
				);
				GCC_WARN_64_TO_32_BIT_CONVERSION = YES;
				GCC_WARN_ABOUT_RETURN_TYPE = YES_ERROR;
				GCC_WARN_UNDECLARED_SELECTOR = YES;
				GCC_WARN_UNINITIALIZED_AUTOS = YES_AGGRESSIVE;
				GCC_WARN_UNUSED_FUNCTION = YES;
				GCC_WARN_UNUSED_VARIABLE = YES;
				IPHONEOS_DEPLOYMENT_TARGET = 10.3;
				MTL_ENABLE_DEBUG_INFO = YES;
				ONLY_ACTIVE_ARCH = YES;
				SDKROOT = iphoneos;
				SWIFT_ACTIVE_COMPILATION_CONDITIONS = DEBUG;
				SWIFT_OPTIMIZATION_LEVEL = "-Onone";
				TARGETED_DEVICE_FAMILY = "1,2";
			};
			name = Debug;
		};
		37683F991EE7366A0067239F /* Release */ = {
			isa = XCBuildConfiguration;
			buildSettings = {
				ALWAYS_SEARCH_USER_PATHS = NO;
				CLANG_ANALYZER_NONNULL = YES;
				CLANG_ANALYZER_NUMBER_OBJECT_CONVERSION = YES_AGGRESSIVE;
				CLANG_CXX_LANGUAGE_STANDARD = "gnu++0x";
				CLANG_CXX_LIBRARY = "libc++";
				CLANG_ENABLE_MODULES = YES;
				CLANG_ENABLE_OBJC_ARC = YES;
				CLANG_WARN_BOOL_CONVERSION = YES;
				CLANG_WARN_CONSTANT_CONVERSION = YES;
				CLANG_WARN_DIRECT_OBJC_ISA_USAGE = YES_ERROR;
				CLANG_WARN_DOCUMENTATION_COMMENTS = YES;
				CLANG_WARN_EMPTY_BODY = YES;
				CLANG_WARN_ENUM_CONVERSION = YES;
				CLANG_WARN_INFINITE_RECURSION = YES;
				CLANG_WARN_INT_CONVERSION = YES;
				CLANG_WARN_OBJC_ROOT_CLASS = YES_ERROR;
				CLANG_WARN_SUSPICIOUS_MOVE = YES;
				CLANG_WARN_UNREACHABLE_CODE = YES;
				CLANG_WARN__DUPLICATE_METHOD_MATCH = YES;
				"CODE_SIGN_IDENTITY[sdk=iphoneos*]" = "iPhone Developer";
				COPY_PHASE_STRIP = NO;
				DEBUG_INFORMATION_FORMAT = "dwarf-with-dsym";
				ENABLE_NS_ASSERTIONS = NO;
				ENABLE_STRICT_OBJC_MSGSEND = YES;
				GCC_C_LANGUAGE_STANDARD = gnu99;
				GCC_NO_COMMON_BLOCKS = YES;
				GCC_WARN_64_TO_32_BIT_CONVERSION = YES;
				GCC_WARN_ABOUT_RETURN_TYPE = YES_ERROR;
				GCC_WARN_UNDECLARED_SELECTOR = YES;
				GCC_WARN_UNINITIALIZED_AUTOS = YES_AGGRESSIVE;
				GCC_WARN_UNUSED_FUNCTION = YES;
				GCC_WARN_UNUSED_VARIABLE = YES;
				IPHONEOS_DEPLOYMENT_TARGET = 10.3;
				MTL_ENABLE_DEBUG_INFO = NO;
				SDKROOT = iphoneos;
				SWIFT_OPTIMIZATION_LEVEL = "-Owholemodule";
				TARGETED_DEVICE_FAMILY = "1,2";
				VALIDATE_PRODUCT = YES;
			};
			name = Release;
		};
		37683F9B1EE7366A0067239F /* Debug */ = {
			isa = XCBuildConfiguration;
			buildSettings = {
				ASSETCATALOG_COMPILER_APPICON_NAME = AppIcon;
				DEVELOPMENT_TEAM = WZFHSP6QD4;
				INFOPLIST_FILE = GestureRecognizerExercise/Info.plist;
				LD_RUNPATH_SEARCH_PATHS = "$(inherited) @executable_path/Frameworks";
				PRODUCT_BUNDLE_IDENTIFIER = ninja.pragprog.careerfoundry.GestureRecognizerExercise;
				PRODUCT_NAME = "$(TARGET_NAME)";
				SWIFT_VERSION = 3.0;
			};
			name = Debug;
		};
		37683F9C1EE7366A0067239F /* Release */ = {
			isa = XCBuildConfiguration;
			buildSettings = {
				ASSETCATALOG_COMPILER_APPICON_NAME = AppIcon;
				DEVELOPMENT_TEAM = WZFHSP6QD4;
				INFOPLIST_FILE = GestureRecognizerExercise/Info.plist;
				LD_RUNPATH_SEARCH_PATHS = "$(inherited) @executable_path/Frameworks";
				PRODUCT_BUNDLE_IDENTIFIER = ninja.pragprog.careerfoundry.GestureRecognizerExercise;
				PRODUCT_NAME = "$(TARGET_NAME)";
				SWIFT_VERSION = 3.0;
			};
			name = Release;
		};
/* End XCBuildConfiguration section */

/* Begin XCConfigurationList section */
		37683F831EE7366A0067239F /* Build configuration list for PBXProject "GestureRecognizerExercise" */ = {
			isa = XCConfigurationList;
			buildConfigurations = (
				37683F981EE7366A0067239F /* Debug */,
				37683F991EE7366A0067239F /* Release */,
			);
			defaultConfigurationIsVisible = 0;
			defaultConfigurationName = Release;
		};
		37683F9A1EE7366A0067239F /* Build configuration list for PBXNativeTarget "GestureRecognizerExercise" */ = {
			isa = XCConfigurationList;
			buildConfigurations = (
				37683F9B1EE7366A0067239F /* Debug */,
				37683F9C1EE7366A0067239F /* Release */,
			);
			defaultConfigurationIsVisible = 0;
		};
/* End XCConfigurationList section */
	};
	rootObject = 37683F801EE7366A0067239F /* Project object */;
}
